{
  "requires": true,
  "lockfileVersion": 1,
  "dependencies": {
    "dom7": {
      "version": "3.0.0",
      "resolved": "https://registry.npmjs.org/dom7/-/dom7-3.0.0.tgz",
      "integrity": "sha512-oNlcUdHsC4zb7Msx7JN3K0Nro1dzJ48knvBOnDPKJ2GV9wl1i5vydJZUSyOfrkKFDZEud/jBsTk92S/VGSAe/g==",
      "requires": {
        "ssr-window": "^3.0.0-alpha.1"
      }
    },
    "jw-angular-pagination": {
      "version": "1.2.0",
      "resolved": "https://registry.npmjs.org/jw-angular-pagination/-/jw-angular-pagination-1.2.0.tgz",
      "integrity": "sha512-rHkFzeOeRybUtpwImf4FJQ4MhGH/5sqW6c4Za6avaR6iZUrIZCtPGE1RyCNjyPsX4KOmJk5lyzORn5ziGKmWkw==",
      "requires": {
        "jw-paginate": "^1.0.4",
        "tslib": "^1.10.0"
      },
      "dependencies": {
        "tslib": {
          "version": "1.14.1",
          "resolved": "https://registry.npmjs.org/tslib/-/tslib-1.14.1.tgz",
          "integrity": "sha512-Xni35NKzjgMrwevysHTCArtLDpPvye8zV/0E4EyYn43P7/7qvQwPh9BGkHewbMulVntbigmcT7rdX3BNo9wRJg=="
        }
      }
    },
    "jw-paginate": {
      "version": "1.0.4",
      "resolved": "https://registry.npmjs.org/jw-paginate/-/jw-paginate-1.0.4.tgz",
      "integrity": "sha512-W0bv782exgCoynUL/egbRpaYwf/r6T6e02H870H5u3hfSgEYrxgz5POwmFF5aApS6iPi6yhZ0VF8IbafNFsntA=="
    },
    "ng-circle-progress": {
      "version": "1.6.0",
      "resolved": "https://registry.npmjs.org/ng-circle-progress/-/ng-circle-progress-1.6.0.tgz",
      "integrity": "sha512-HD7Uthog/QjRBFKrrnbOrm313CrkkWiTxENR7PjUy9lSUkuys5HdT0+E8UiHDk8VLSxC/pMmrx3eyYLhNq7EnQ==",
      "requires": {
        "tslib": "^2.0.0"
      }
    },
    "ssr-window": {
      "version": "3.0.0",
      "resolved": "https://registry.npmjs.org/ssr-window/-/ssr-window-3.0.0.tgz",
      "integrity": "sha512-q+8UfWDg9Itrg0yWK7oe5p/XRCJpJF9OBtXfOPgSJl+u3Xd5KI328RUEvUqSMVM9CiQUEf1QdBzJMkYGErj9QA=="
    },
    "swiper": {
      "version": "6.4.5",
      "resolved": "https://registry.npmjs.org/swiper/-/swiper-6.4.5.tgz",
      "integrity": "sha512-MJIY0aXF6UKgUM+/tgwtOxI21fwRiT6QX2decd6m2L9OGA7jLBks8E0CuUuRqpQfmTInQrBPnBy8dqgOtr2O0w==",
      "requires": {
        "dom7": "^3.0.0",
        "ssr-window": "^3.0.0",
        "tslib": "^2.0.0"
      }
    },
    "tslib": {
      "version": "2.1.0",
      "resolved": "https://registry.npmjs.org/tslib/-/tslib-2.1.0.tgz",
      "integrity": "sha512-hcVC3wYEziELGGmEEXue7D75zbwIIVUMWAVbHItGPx0ziyXxrOMQx4rQEVEV45Ut/1IotuEvwqPopzIOkDMf0A=="
    }
  }
}
